
Microsoft Visual Studio Solution File, Format Version 12.00
# Visual Studio 14
VisualStudioVersion = 14.0.25420.1
MinimumVisualStudioVersion = 10.0.40219.1
Project("{FAE04EC0-301F-11D3-BF4B-00C04F79EFBC}") = "MyProject.Web", "MVC Dependency Injection\MyProject.Web.csproj", "{37F717D3-653A-4593-B4F0-920154FD4A25}"
EndProject
Project("{2150E333-8FDC-42A3-9474-1A3956D46DE8}") = "DataAccessLayer", "DataAccessLayer", "{89B60E62-E06C-4456-9579-5B8D79A6580D}"
EndProject
Project("{2150E333-8FDC-42A3-9474-1A3956D46DE8}") = "BusinessLogicLayer", "BusinessLogicLayer", "{BD561DF3-DE03-412E-B7FA-2465E8A009BD}"
EndProject
Project("{2150E333-8FDC-42A3-9474-1A3956D46DE8}") = "PresentationLayer", "PresentationLayer", "{EA73BAAF-6777-4ABB-9886-9D864BB474B7}"
EndProject
Project("{2150E333-8FDC-42A3-9474-1A3956D46DE8}") = "Model", "Model", "{4D6FAB33-CA71-4CD0-8DCF-9BF013755967}"
EndProject
Project("{2150E333-8FDC-42A3-9474-1A3956D46DE8}") = "Interfaces", "Interfaces", "{C9EA3B8F-8D18-48EC-86D7-ADBD143CD47B}"
EndProject
Project("{2150E333-8FDC-42A3-9474-1A3956D46DE8}") = "Implementation", "Implementation", "{BEB8F240-9668-4A48-8896-AF9A7ED75E47}"
EndProject
Project("{FAE04EC0-301F-11D3-BF4B-00C04F79EFBC}") = "MyProject.Model", "MyProject.Model\MyProject.Model.csproj", "{B7BCA2CB-7B0E-4C70-A51D-B185A396496C}"
EndProject
Project("{FAE04EC0-301F-11D3-BF4B-00C04F79EFBC}") = "MyProject.IBLL", "MyProject.IBLL\MyProject.IBLL.csproj", "{2A40FFCF-4646-41D0-A51C-C5DED5363288}"
EndProject
Project("{FAE04EC0-301F-11D3-BF4B-00C04F79EFBC}") = "MyProject.BLL", "MyProject.BLL\MyProject.BLL.csproj", "{64C3CE35-F329-4C79-B961-19A6D3E58510}"
EndProject
Project("{FAE04EC0-301F-11D3-BF4B-00C04F79EFBC}") = "MyProject.DAL", "MyProject.DAL\MyProject.DAL.csproj", "{00184167-0CA7-40FC-8FE8-1017979923D5}"
EndProject
Project("{2150E333-8FDC-42A3-9474-1A3956D46DE8}") = "Common", "Common", "{17D9EAEB-277D-401D-A5E5-55D2560AA229}"
EndProject
Project("{2150E333-8FDC-42A3-9474-1A3956D46DE8}") = "ServiceLayer", "ServiceLayer", "{98EF2DAF-4903-4E9A-8B0A-BA5DCA372120}"
EndProject
Project("{FAE04EC0-301F-11D3-BF4B-00C04F79EFBC}") = "MyProject.Service", "MyProject.Service\MyProject.Service.csproj", "{C6D29696-0E7E-47C8-A9AE-CEF578C34712}"
EndProject
Project("{FAE04EC0-301F-11D3-BF4B-00C04F79EFBC}") = "MyProject.Common", "MyProject.Common\MyProject.Common.csproj", "{C1579EE9-6F59-4232-83B6-9A3CAB099E13}"
EndProject
Global
	GlobalSection(SolutionConfigurationPlatforms) = preSolution
		Debug|Any CPU = Debug|Any CPU
		Release|Any CPU = Release|Any CPU
	EndGlobalSection
	GlobalSection(ProjectConfigurationPlatforms) = postSolution
		{37F717D3-653A-4593-B4F0-920154FD4A25}.Debug|Any CPU.ActiveCfg = Debug|Any CPU
		{37F717D3-653A-4593-B4F0-920154FD4A25}.Debug|Any CPU.Build.0 = Debug|Any CPU
		{37F717D3-653A-4593-B4F0-920154FD4A25}.Release|Any CPU.ActiveCfg = Release|Any CPU
		{37F717D3-653A-4593-B4F0-920154FD4A25}.Release|Any CPU.Build.0 = Release|Any CPU
		{B7BCA2CB-7B0E-4C70-A51D-B185A396496C}.Debug|Any CPU.ActiveCfg = Debug|Any CPU
		{B7BCA2CB-7B0E-4C70-A51D-B185A396496C}.Debug|Any CPU.Build.0 = Debug|Any CPU
		{B7BCA2CB-7B0E-4C70-A51D-B185A396496C}.Release|Any CPU.ActiveCfg = Release|Any CPU
		{B7BCA2CB-7B0E-4C70-A51D-B185A396496C}.Release|Any CPU.Build.0 = Release|Any CPU
		{2A40FFCF-4646-41D0-A51C-C5DED5363288}.Debug|Any CPU.ActiveCfg = Debug|Any CPU
		{2A40FFCF-4646-41D0-A51C-C5DED5363288}.Debug|Any CPU.Build.0 = Debug|Any CPU
		{2A40FFCF-4646-41D0-A51C-C5DED5363288}.Release|Any CPU.ActiveCfg = Release|Any CPU
		{2A40FFCF-4646-41D0-A51C-C5DED5363288}.Release|Any CPU.Build.0 = Release|Any CPU
		{64C3CE35-F329-4C79-B961-19A6D3E58510}.Debug|Any CPU.ActiveCfg = Debug|Any CPU
		{64C3CE35-F329-4C79-B961-19A6D3E58510}.Debug|Any CPU.Build.0 = Debug|Any CPU
		{64C3CE35-F329-4C79-B961-19A6D3E58510}.Release|Any CPU.ActiveCfg = Release|Any CPU
		{64C3CE35-F329-4C79-B961-19A6D3E58510}.Release|Any CPU.Build.0 = Release|Any CPU
		{00184167-0CA7-40FC-8FE8-1017979923D5}.Debug|Any CPU.ActiveCfg = Debug|Any CPU
		{00184167-0CA7-40FC-8FE8-1017979923D5}.Debug|Any CPU.Build.0 = Debug|Any CPU
		{00184167-0CA7-40FC-8FE8-1017979923D5}.Release|Any CPU.ActiveCfg = Release|Any CPU
		{00184167-0CA7-40FC-8FE8-1017979923D5}.Release|Any CPU.Build.0 = Release|Any CPU
		{C6D29696-0E7E-47C8-A9AE-CEF578C34712}.Debug|Any CPU.ActiveCfg = Debug|Any CPU
		{C6D29696-0E7E-47C8-A9AE-CEF578C34712}.Debug|Any CPU.Build.0 = Debug|Any CPU
		{C6D29696-0E7E-47C8-A9AE-CEF578C34712}.Release|Any CPU.ActiveCfg = Release|Any CPU
		{C6D29696-0E7E-47C8-A9AE-CEF578C34712}.Release|Any CPU.Build.0 = Release|Any CPU
		{C1579EE9-6F59-4232-83B6-9A3CAB099E13}.Debug|Any CPU.ActiveCfg = Debug|Any CPU
		{C1579EE9-6F59-4232-83B6-9A3CAB099E13}.Debug|Any CPU.Build.0 = Debug|Any CPU
		{C1579EE9-6F59-4232-83B6-9A3CAB099E13}.Release|Any CPU.ActiveCfg = Release|Any CPU
		{C1579EE9-6F59-4232-83B6-9A3CAB099E13}.Release|Any CPU.Build.0 = Release|Any CPU
	EndGlobalSection
	GlobalSection(SolutionProperties) = preSolution
		HideSolutionNode = FALSE
	EndGlobalSection
	GlobalSection(NestedProjects) = preSolution
		{37F717D3-653A-4593-B4F0-920154FD4A25} = {EA73BAAF-6777-4ABB-9886-9D864BB474B7}
		{4D6FAB33-CA71-4CD0-8DCF-9BF013755967} = {BD561DF3-DE03-412E-B7FA-2465E8A009BD}
		{C9EA3B8F-8D18-48EC-86D7-ADBD143CD47B} = {BD561DF3-DE03-412E-B7FA-2465E8A009BD}
		{BEB8F240-9668-4A48-8896-AF9A7ED75E47} = {BD561DF3-DE03-412E-B7FA-2465E8A009BD}
		{B7BCA2CB-7B0E-4C70-A51D-B185A396496C} = {4D6FAB33-CA71-4CD0-8DCF-9BF013755967}
		{2A40FFCF-4646-41D0-A51C-C5DED5363288} = {C9EA3B8F-8D18-48EC-86D7-ADBD143CD47B}
		{64C3CE35-F329-4C79-B961-19A6D3E58510} = {BEB8F240-9668-4A48-8896-AF9A7ED75E47}
		{00184167-0CA7-40FC-8FE8-1017979923D5} = {89B60E62-E06C-4456-9579-5B8D79A6580D}
		{C6D29696-0E7E-47C8-A9AE-CEF578C34712} = {98EF2DAF-4903-4E9A-8B0A-BA5DCA372120}
		{C1579EE9-6F59-4232-83B6-9A3CAB099E13} = {17D9EAEB-277D-401D-A5E5-55D2560AA229}
	EndGlobalSection
EndGlobal
